
Microsoft Visual Studio Solution File, Format Version 12.00
# Visual Studio Version 16
VisualStudioVersion = 16.0.32901.82
MinimumVisualStudioVersion = 10.0.40219.1
Project("{FAE04EC0-301F-11D3-BF4B-00C04F79EFBC}") = "Personel_Takip_Sistemi", "Personel_Takip_Sistemi\Personel_Takip_Sistemi.csproj", "{6101BC05-C8E0-4DCC-B9E1-ED1FAF59DC5C}"
EndProject
Global
	GlobalSection(SolutionConfigurationPlatforms) = preSolution
		Debug|Any CPU = Debug|Any CPU
		Release|Any CPU = Release|Any CPU
	EndGlobalSection
	GlobalSection(ProjectConfigurationPlatforms) = postSolution
		{6101BC05-C8E0-4DCC-B9E1-ED1FAF59DC5C}.Debug|Any CPU.ActiveCfg = Debug|Any CPU
		{6101BC05-C8E0-4DCC-B9E1-ED1FAF59DC5C}.Debug|Any CPU.Build.0 = Debug|Any CPU
		{6101BC05-C8E0-4DCC-B9E1-ED1FAF59DC5C}.Release|Any CPU.ActiveCfg = Release|Any CPU
		{6101BC05-C8E0-4DCC-B9E1-ED1FAF59DC5C}.Release|Any CPU.Build.0 = Release|Any CPU
	EndGlobalSection
	GlobalSection(SolutionProperties) = preSolution
		HideSolutionNode = FALSE
	EndGlobalSection
	GlobalSection(ExtensibilityGlobals) = postSolution
		SolutionGuid = {BBA06C19-5C51-49EF-B2E1-60ABA9F4E4D9}
	EndGlobalSection
EndGlobal
